// !$*UTF8*$!
{
	archiveVersion = 1;
	classes = {
	};
	objectVersion = 46;
	objects = {

/* Begin PBXBuildFile section */
		30C94E141A76995F0083BC30 /* AppDelegate.swift in Sources */ = {isa = PBXBuildFile; fileRef = 30C94E131A76995F0083BC30 /* AppDelegate.swift */; };
		30C94E171A76995F0083BC30 /* TechQuiz.xcdatamodeld in Sources */ = {isa = PBXBuildFile; fileRef = 30C94E151A76995F0083BC30 /* TechQuiz.xcdatamodeld */; };
		30C94E1C1A76995F0083BC30 /* Main.storyboard in Resources */ = {isa = PBXBuildFile; fileRef = 30C94E1A1A76995F0083BC30 /* Main.storyboard */; };
		30C94E1E1A76995F0083BC30 /* Images.xcassets in Resources */ = {isa = PBXBuildFile; fileRef = 30C94E1D1A76995F0083BC30 /* Images.xcassets */; };
		30C94E211A76995F0083BC30 /* LaunchScreen.xib in Resources */ = {isa = PBXBuildFile; fileRef = 30C94E1F1A76995F0083BC30 /* LaunchScreen.xib */; };
		30C94E2D1A76995F0083BC30 /* TechQuizTests.swift in Sources */ = {isa = PBXBuildFile; fileRef = 30C94E2C1A76995F0083BC30 /* TechQuizTests.swift */; };
		30E79A371A76A12900A349AB /* LandingViewController.swift in Sources */ = {isa = PBXBuildFile; fileRef = 30E79A361A76A12900A349AB /* LandingViewController.swift */; };
		30E79A391A76A26D00A349AB /* DashboardViewController.swift in Sources */ = {isa = PBXBuildFile; fileRef = 30E79A381A76A26D00A349AB /* DashboardViewController.swift */; };
		30E79A3B1A76A2F000A349AB /* UserQuizesViewController.swift in Sources */ = {isa = PBXBuildFile; fileRef = 30E79A3A1A76A2F000A349AB /* UserQuizesViewController.swift */; };
		30EC16AA1A890CE6005763F7 /* SubjectsViewController.swift in Sources */ = {isa = PBXBuildFile; fileRef = 30EC16A91A890CE6005763F7 /* SubjectsViewController.swift */; };
		30EC16AD1A8911F7005763F7 /* Question.swift in Sources */ = {isa = PBXBuildFile; fileRef = 30EC16AC1A8911F7005763F7 /* Question.swift */; };
		30EC16AE1A8911F7005763F7 /* Question.swift in Sources */ = {isa = PBXBuildFile; fileRef = 30EC16AC1A8911F7005763F7 /* Question.swift */; };
		30EC16B01A8911F7005763F7 /* UserAnswer.swift in Sources */ = {isa = PBXBuildFile; fileRef = 30EC16AF1A8911F7005763F7 /* UserAnswer.swift */; };
		30EC16B11A8911F7005763F7 /* UserAnswer.swift in Sources */ = {isa = PBXBuildFile; fileRef = 30EC16AF1A8911F7005763F7 /* UserAnswer.swift */; };
		30EC16B31A8911F7005763F7 /* UserQuiz.swift in Sources */ = {isa = PBXBuildFile; fileRef = 30EC16B21A8911F7005763F7 /* UserQuiz.swift */; };
		30EC16B41A8911F7005763F7 /* UserQuiz.swift in Sources */ = {isa = PBXBuildFile; fileRef = 30EC16B21A8911F7005763F7 /* UserQuiz.swift */; };
		30EC16B61A8911F7005763F7 /* Subject.swift in Sources */ = {isa = PBXBuildFile; fileRef = 30EC16B51A8911F7005763F7 /* Subject.swift */; };
		30EC16B71A8911F7005763F7 /* Subject.swift in Sources */ = {isa = PBXBuildFile; fileRef = 30EC16B51A8911F7005763F7 /* Subject.swift */; };
		30EC16B91A8911F7005763F7 /* User.swift in Sources */ = {isa = PBXBuildFile; fileRef = 30EC16B81A8911F7005763F7 /* User.swift */; };
		30EC16BA1A8911F7005763F7 /* User.swift in Sources */ = {isa = PBXBuildFile; fileRef = 30EC16B81A8911F7005763F7 /* User.swift */; };
		30EC16BC1A8911F7005763F7 /* Quiz.swift in Sources */ = {isa = PBXBuildFile; fileRef = 30EC16BB1A8911F7005763F7 /* Quiz.swift */; };
		30EC16BD1A8911F7005763F7 /* Quiz.swift in Sources */ = {isa = PBXBuildFile; fileRef = 30EC16BB1A8911F7005763F7 /* Quiz.swift */; };
		30EC16BF1A8911F7005763F7 /* Answer.swift in Sources */ = {isa = PBXBuildFile; fileRef = 30EC16BE1A8911F7005763F7 /* Answer.swift */; };
		30EC16C01A8911F7005763F7 /* Answer.swift in Sources */ = {isa = PBXBuildFile; fileRef = 30EC16BE1A8911F7005763F7 /* Answer.swift */; };
		30EC16C31A89126A005763F7 /* User+Networking.swift in Sources */ = {isa = PBXBuildFile; fileRef = 30EC16C21A89126A005763F7 /* User+Networking.swift */; };
		30EC16C41A89126A005763F7 /* User+Networking.swift in Sources */ = {isa = PBXBuildFile; fileRef = 30EC16C21A89126A005763F7 /* User+Networking.swift */; };
		30EC16C61A89167D005763F7 /* Question+Logic.swift in Sources */ = {isa = PBXBuildFile; fileRef = 30EC16C51A89167D005763F7 /* Question+Logic.swift */; };
		30EC16C81A8916DF005763F7 /* Subject+Networking.swift in Sources */ = {isa = PBXBuildFile; fileRef = 30EC16C71A8916DF005763F7 /* Subject+Networking.swift */; };
		6B80ACA73DC6F807220E49AE /* Pods.framework in Frameworks */ = {isa = PBXBuildFile; fileRef = 956BFAF935311D77612584EE /* Pods.framework */; settings = {ATTRIBUTES = (Weak, ); }; };
		CECC43651A77EECB006BAA00 /* DashboardHeaderView.swift in Sources */ = {isa = PBXBuildFile; fileRef = CECC43641A77EECB006BAA00 /* DashboardHeaderView.swift */; };
		CECC43671A77F027006BAA00 /* DashboardButtonTableViewCell.swift in Sources */ = {isa = PBXBuildFile; fileRef = CECC43661A77F027006BAA00 /* DashboardButtonTableViewCell.swift */; };
/* End PBXBuildFile section */

/* Begin PBXContainerItemProxy section */
		30C94E271A76995F0083BC30 /* PBXContainerItemProxy */ = {
			isa = PBXContainerItemProxy;
			containerPortal = 30C94E061A76995F0083BC30 /* Project object */;
			proxyType = 1;
			remoteGlobalIDString = 30C94E0D1A76995F0083BC30;
			remoteInfo = TechQuiz;
		};
/* End PBXContainerItemProxy section */

/* Begin PBXFileReference section */
		30C94E0E1A76995F0083BC30 /* TechQuiz.app */ = {isa = PBXFileReference; explicitFileType = wrapper.application; includeInIndex = 0; path = TechQuiz.app; sourceTree = BUILT_PRODUCTS_DIR; };
		30C94E121A76995F0083BC30 /* Info.plist */ = {isa = PBXFileReference; lastKnownFileType = text.plist.xml; path = Info.plist; sourceTree = "<group>"; };
		30C94E131A76995F0083BC30 /* AppDelegate.swift */ = {isa = PBXFileReference; lastKnownFileType = sourcecode.swift; path = AppDelegate.swift; sourceTree = "<group>"; };
		30C94E161A76995F0083BC30 /* TechQuiz.xcdatamodel */ = {isa = PBXFileReference; lastKnownFileType = wrapper.xcdatamodel; path = TechQuiz.xcdatamodel; sourceTree = "<group>"; };
		30C94E1B1A76995F0083BC30 /* Base */ = {isa = PBXFileReference; lastKnownFileType = file.storyboard; name = Base; path = Base.lproj/Main.storyboard; sourceTree = "<group>"; };
		30C94E1D1A76995F0083BC30 /* Images.xcassets */ = {isa = PBXFileReference; lastKnownFileType = folder.assetcatalog; path = Images.xcassets; sourceTree = "<group>"; };
		30C94E201A76995F0083BC30 /* Base */ = {isa = PBXFileReference; lastKnownFileType = file.xib; name = Base; path = Base.lproj/LaunchScreen.xib; sourceTree = "<group>"; };
		30C94E261A76995F0083BC30 /* TechQuizTests.xctest */ = {isa = PBXFileReference; explicitFileType = wrapper.cfbundle; includeInIndex = 0; path = TechQuizTests.xctest; sourceTree = BUILT_PRODUCTS_DIR; };
		30C94E2B1A76995F0083BC30 /* Info.plist */ = {isa = PBXFileReference; lastKnownFileType = text.plist.xml; path = Info.plist; sourceTree = "<group>"; };
		30C94E2C1A76995F0083BC30 /* TechQuizTests.swift */ = {isa = PBXFileReference; lastKnownFileType = sourcecode.swift; path = TechQuizTests.swift; sourceTree = "<group>"; };
		30E79A361A76A12900A349AB /* LandingViewController.swift */ = {isa = PBXFileReference; fileEncoding = 4; lastKnownFileType = sourcecode.swift; name = LandingViewController.swift; path = "Classes/View Controllers/LandingViewController.swift"; sourceTree = "<group>"; };
		30E79A381A76A26D00A349AB /* DashboardViewController.swift */ = {isa = PBXFileReference; fileEncoding = 4; lastKnownFileType = sourcecode.swift; name = DashboardViewController.swift; path = "Classes/View Controllers/DashboardViewController.swift"; sourceTree = "<group>"; };
		30E79A3A1A76A2F000A349AB /* UserQuizesViewController.swift */ = {isa = PBXFileReference; fileEncoding = 4; lastKnownFileType = sourcecode.swift; name = UserQuizesViewController.swift; path = "Classes/View Controllers/UserQuizesViewController.swift"; sourceTree = "<group>"; };
		30EC16A91A890CE6005763F7 /* SubjectsViewController.swift */ = {isa = PBXFileReference; fileEncoding = 4; lastKnownFileType = sourcecode.swift; name = SubjectsViewController.swift; path = "Classes/View Controllers/SubjectsViewController.swift"; sourceTree = "<group>"; };
		30EC16AC1A8911F7005763F7 /* Question.swift */ = {isa = PBXFileReference; fileEncoding = 4; lastKnownFileType = sourcecode.swift; name = Question.swift; path = Classes/Model/Question.swift; sourceTree = "<group>"; };
		30EC16AF1A8911F7005763F7 /* UserAnswer.swift */ = {isa = PBXFileReference; fileEncoding = 4; lastKnownFileType = sourcecode.swift; name = UserAnswer.swift; path = Classes/Model/UserAnswer.swift; sourceTree = "<group>"; };
		30EC16B21A8911F7005763F7 /* UserQuiz.swift */ = {isa = PBXFileReference; fileEncoding = 4; lastKnownFileType = sourcecode.swift; name = UserQuiz.swift; path = Classes/Model/UserQuiz.swift; sourceTree = "<group>"; };
		30EC16B51A8911F7005763F7 /* Subject.swift */ = {isa = PBXFileReference; fileEncoding = 4; lastKnownFileType = sourcecode.swift; name = Subject.swift; path = Classes/Model/Subject.swift; sourceTree = "<group>"; };
		30EC16B81A8911F7005763F7 /* User.swift */ = {isa = PBXFileReference; fileEncoding = 4; lastKnownFileType = sourcecode.swift; name = User.swift; path = Classes/Model/User.swift; sourceTree = "<group>"; };
		30EC16BB1A8911F7005763F7 /* Quiz.swift */ = {isa = PBXFileReference; fileEncoding = 4; lastKnownFileType = sourcecode.swift; name = Quiz.swift; path = Classes/Model/Quiz.swift; sourceTree = "<group>"; };
		30EC16BE1A8911F7005763F7 /* Answer.swift */ = {isa = PBXFileReference; fileEncoding = 4; lastKnownFileType = sourcecode.swift; name = Answer.swift; path = Classes/Model/Answer.swift; sourceTree = "<group>"; };
		30EC16C21A89126A005763F7 /* User+Networking.swift */ = {isa = PBXFileReference; fileEncoding = 4; lastKnownFileType = sourcecode.swift; name = "User+Networking.swift"; path = "Classes/Model/Extensions/User+Networking.swift"; sourceTree = "<group>"; };
		30EC16C51A89167D005763F7 /* Question+Logic.swift */ = {isa = PBXFileReference; fileEncoding = 4; lastKnownFileType = sourcecode.swift; name = "Question+Logic.swift"; path = "Classes/Model/Extensions/Question+Logic.swift"; sourceTree = "<group>"; };
		30EC16C71A8916DF005763F7 /* Subject+Networking.swift */ = {isa = PBXFileReference; fileEncoding = 4; lastKnownFileType = sourcecode.swift; name = "Subject+Networking.swift"; path = "Classes/Model/Extensions/Subject+Networking.swift"; sourceTree = "<group>"; };
		735260AFB0C3F71EC01E72F2 /* Pods.release.xcconfig */ = {isa = PBXFileReference; includeInIndex = 1; lastKnownFileType = text.xcconfig; name = Pods.release.xcconfig; path = "Pods/Target Support Files/Pods/Pods.release.xcconfig"; sourceTree = "<group>"; };
		956BFAF935311D77612584EE /* Pods.framework */ = {isa = PBXFileReference; explicitFileType = wrapper.framework; includeInIndex = 0; path = Pods.framework; sourceTree = BUILT_PRODUCTS_DIR; };
		CECC43641A77EECB006BAA00 /* DashboardHeaderView.swift */ = {isa = PBXFileReference; fileEncoding = 4; lastKnownFileType = sourcecode.swift; name = DashboardHeaderView.swift; path = Classes/Core/Views/Cells/DashboardHeaderView.swift; sourceTree = "<group>"; };
		CECC43661A77F027006BAA00 /* DashboardButtonTableViewCell.swift */ = {isa = PBXFileReference; fileEncoding = 4; lastKnownFileType = sourcecode.swift; name = DashboardButtonTableViewCell.swift; path = Classes/Core/Views/Cells/DashboardButtonTableViewCell.swift; sourceTree = "<group>"; };
		E838B5E73408B728A77585DC /* Pods.debug.xcconfig */ = {isa = PBXFileReference; includeInIndex = 1; lastKnownFileType = text.xcconfig; name = Pods.debug.xcconfig; path = "Pods/Target Support Files/Pods/Pods.debug.xcconfig"; sourceTree = "<group>"; };
/* End PBXFileReference section */

/* Begin PBXFrameworksBuildPhase section */
		30C94E0B1A76995F0083BC30 /* Frameworks */ = {
			isa = PBXFrameworksBuildPhase;
			buildActionMask = 2147483647;
			files = (
				6B80ACA73DC6F807220E49AE /* Pods.framework in Frameworks */,
			);
			runOnlyForDeploymentPostprocessing = 0;
		};
		30C94E231A76995F0083BC30 /* Frameworks */ = {
			isa = PBXFrameworksBuildPhase;
			buildActionMask = 2147483647;
			files = (
			);
			runOnlyForDeploymentPostprocessing = 0;
		};
/* End PBXFrameworksBuildPhase section */

/* Begin PBXGroup section */
		30C94E051A76995F0083BC30 = {
			isa = PBXGroup;
			children = (
				30C94E101A76995F0083BC30 /* TechQuiz */,
				30C94E291A76995F0083BC30 /* TechQuizTests */,
				30C94E0F1A76995F0083BC30 /* Products */,
				451AC2896ECBE2C3066E07C9 /* Pods */,
				85A340AD3A7B283E4DB933E7 /* Frameworks */,
			);
			sourceTree = "<group>";
		};
		30C94E0F1A76995F0083BC30 /* Products */ = {
			isa = PBXGroup;
			children = (
				30C94E0E1A76995F0083BC30 /* TechQuiz.app */,
				30C94E261A76995F0083BC30 /* TechQuizTests.xctest */,
			);
			name = Products;
			sourceTree = "<group>";
		};
		30C94E101A76995F0083BC30 /* TechQuiz */ = {
			isa = PBXGroup;
			children = (
				30C94E361A769EAE0083BC30 /* Classes */,
				30C94E131A76995F0083BC30 /* AppDelegate.swift */,
				30C94E1A1A76995F0083BC30 /* Main.storyboard */,
				30C94E111A76995F0083BC30 /* Supporting Files */,
			);
			path = TechQuiz;
			sourceTree = "<group>";
		};
		30C94E111A76995F0083BC30 /* Supporting Files */ = {
			isa = PBXGroup;
			children = (
				30C94E1D1A76995F0083BC30 /* Images.xcassets */,
				30C94E1F1A76995F0083BC30 /* LaunchScreen.xib */,
				30C94E121A76995F0083BC30 /* Info.plist */,
			);
			name = "Supporting Files";
			sourceTree = "<group>";
		};
		30C94E291A76995F0083BC30 /* TechQuizTests */ = {
			isa = PBXGroup;
			children = (
				30C94E2C1A76995F0083BC30 /* TechQuizTests.swift */,
				30C94E2A1A76995F0083BC30 /* Supporting Files */,
			);
			path = TechQuizTests;
			sourceTree = "<group>";
		};
		30C94E2A1A76995F0083BC30 /* Supporting Files */ = {
			isa = PBXGroup;
			children = (
				30C94E2B1A76995F0083BC30 /* Info.plist */,
			);
			name = "Supporting Files";
			sourceTree = "<group>";
		};
		30C94E361A769EAE0083BC30 /* Classes */ = {
			isa = PBXGroup;
			children = (
				CECC43621A77EE6A006BAA00 /* Views */,
				30E79A351A76A0EB00A349AB /* View Controllers */,
				30C94E371A769EB40083BC30 /* Model */,
			);
			name = Classes;
			sourceTree = "<group>";
		};
		30C94E371A769EB40083BC30 /* Model */ = {
			isa = PBXGroup;
			children = (
				30EC16C11A891211005763F7 /* Extensions */,
				30C94E151A76995F0083BC30 /* TechQuiz.xcdatamodeld */,
				30EC16BE1A8911F7005763F7 /* Answer.swift */,
				30EC16BB1A8911F7005763F7 /* Quiz.swift */,
				30EC16B81A8911F7005763F7 /* User.swift */,
				30EC16B51A8911F7005763F7 /* Subject.swift */,
				30EC16B21A8911F7005763F7 /* UserQuiz.swift */,
				30EC16AF1A8911F7005763F7 /* UserAnswer.swift */,
				30EC16AC1A8911F7005763F7 /* Question.swift */,
			);
			name = Model;
			sourceTree = "<group>";
		};
		30E79A351A76A0EB00A349AB /* View Controllers */ = {
			isa = PBXGroup;
			children = (
				30E79A361A76A12900A349AB /* LandingViewController.swift */,
				30E79A381A76A26D00A349AB /* DashboardViewController.swift */,
				30E79A3A1A76A2F000A349AB /* UserQuizesViewController.swift */,
				30EC16A91A890CE6005763F7 /* SubjectsViewController.swift */,
			);
			name = "View Controllers";
			sourceTree = "<group>";
		};
		30EC16C11A891211005763F7 /* Extensions */ = {
			isa = PBXGroup;
			children = (
				30EC16C21A89126A005763F7 /* User+Networking.swift */,
				30EC16C51A89167D005763F7 /* Question+Logic.swift */,
				30EC16C71A8916DF005763F7 /* Subject+Networking.swift */,
			);
			name = Extensions;
			sourceTree = "<group>";
		};
		451AC2896ECBE2C3066E07C9 /* Pods */ = {
			isa = PBXGroup;
			children = (
				E838B5E73408B728A77585DC /* Pods.debug.xcconfig */,
				735260AFB0C3F71EC01E72F2 /* Pods.release.xcconfig */,
			);
			name = Pods;
			sourceTree = "<group>";
		};
		85A340AD3A7B283E4DB933E7 /* Frameworks */ = {
			isa = PBXGroup;
			children = (
				956BFAF935311D77612584EE /* Pods.framework */,
			);
			name = Frameworks;
			sourceTree = "<group>";
		};
		CECC43621A77EE6A006BAA00 /* Views */ = {
			isa = PBXGroup;
			children = (
				CECC43631A77EE71006BAA00 /* Cells */,
				CECC43641A77EECB006BAA00 /* DashboardHeaderView.swift */,
			);
			name = Views;
			sourceTree = "<group>";
		};
		CECC43631A77EE71006BAA00 /* Cells */ = {
			isa = PBXGroup;
			children = (
				CECC43661A77F027006BAA00 /* DashboardButtonTableViewCell.swift */,
			);
			name = Cells;
			sourceTree = "<group>";
		};
/* End PBXGroup section */

/* Begin PBXNativeTarget section */
		30C94E0D1A76995F0083BC30 /* TechQuiz */ = {
			isa = PBXNativeTarget;
			buildConfigurationList = 30C94E301A76995F0083BC30 /* Build configuration list for PBXNativeTarget "TechQuiz" */;
			buildPhases = (
				D398F9BDEBDEC257CEE85B14 /* Check Pods Manifest.lock */,
				30C94E0A1A76995F0083BC30 /* Sources */,
				30C94E0B1A76995F0083BC30 /* Frameworks */,
				30C94E0C1A76995F0083BC30 /* Resources */,
				B39F18C58D3AA13EEB82D0C5 /* Embed Pods Frameworks */,
				FCC0DBB50F0B9C3F57A254EC /* Copy Pods Resources */,
			);
			buildRules = (
			);
			dependencies = (
			);
			name = TechQuiz;
			productName = TechQuiz;
			productReference = 30C94E0E1A76995F0083BC30 /* TechQuiz.app */;
			productType = "com.apple.product-type.application";
		};
		30C94E251A76995F0083BC30 /* TechQuizTests */ = {
			isa = PBXNativeTarget;
			buildConfigurationList = 30C94E331A76995F0083BC30 /* Build configuration list for PBXNativeTarget "TechQuizTests" */;
			buildPhases = (
				30C94E221A76995F0083BC30 /* Sources */,
				30C94E231A76995F0083BC30 /* Frameworks */,
				30C94E241A76995F0083BC30 /* Resources */,
			);
			buildRules = (
			);
			dependencies = (
				30C94E281A76995F0083BC30 /* PBXTargetDependency */,
			);
			name = TechQuizTests;
			productName = TechQuizTests;
			productReference = 30C94E261A76995F0083BC30 /* TechQuizTests.xctest */;
			productType = "com.apple.product-type.bundle.unit-test";
		};
/* End PBXNativeTarget section */

/* Begin PBXProject section */
		30C94E061A76995F0083BC30 /* Project object */ = {
			isa = PBXProject;
			attributes = {
				LastUpgradeCheck = 0610;
				ORGANIZATIONNAME = "Faber Ventures";
				TargetAttributes = {
					30C94E0D1A76995F0083BC30 = {
						CreatedOnToolsVersion = 6.1.1;
					};
					30C94E251A76995F0083BC30 = {
						CreatedOnToolsVersion = 6.1.1;
						TestTargetID = 30C94E0D1A76995F0083BC30;
					};
				};
			};
			buildConfigurationList = 30C94E091A76995F0083BC30 /* Build configuration list for PBXProject "TechQuiz" */;
			compatibilityVersion = "Xcode 3.2";
			developmentRegion = English;
			hasScannedForEncodings = 0;
			knownRegions = (
				en,
				Base,
			);
			mainGroup = 30C94E051A76995F0083BC30;
			productRefGroup = 30C94E0F1A76995F0083BC30 /* Products */;
			projectDirPath = "";
			projectRoot = "";
			targets = (
				30C94E0D1A76995F0083BC30 /* TechQuiz */,
				30C94E251A76995F0083BC30 /* TechQuizTests */,
			);
		};
/* End PBXProject section */

/* Begin PBXResourcesBuildPhase section */
		30C94E0C1A76995F0083BC30 /* Resources */ = {
			isa = PBXResourcesBuildPhase;
			buildActionMask = 2147483647;
			files = (
				30C94E1C1A76995F0083BC30 /* Main.storyboard in Resources */,
				30C94E211A76995F0083BC30 /* LaunchScreen.xib in Resources */,
				30C94E1E1A76995F0083BC30 /* Images.xcassets in Resources */,
			);
			runOnlyForDeploymentPostprocessing = 0;
		};
		30C94E241A76995F0083BC30 /* Resources */ = {
			isa = PBXResourcesBuildPhase;
			buildActionMask = 2147483647;
			files = (
			);
			runOnlyForDeploymentPostprocessing = 0;
		};
/* End PBXResourcesBuildPhase section */

/* Begin PBXShellScriptBuildPhase section */
		B39F18C58D3AA13EEB82D0C5 /* Embed Pods Frameworks */ = {
			isa = PBXShellScriptBuildPhase;
			buildActionMask = 2147483647;
			files = (
			);
			inputPaths = (
			);
			name = "Embed Pods Frameworks";
			outputPaths = (
			);
			runOnlyForDeploymentPostprocessing = 0;
			shellPath = /bin/sh;
			shellScript = "\"${SRCROOT}/Pods/Target Support Files/Pods/Pods-frameworks.sh\"\n";
			showEnvVarsInLog = 0;
		};
		D398F9BDEBDEC257CEE85B14 /* Check Pods Manifest.lock */ = {
			isa = PBXShellScriptBuildPhase;
			buildActionMask = 2147483647;
			files = (
			);
			inputPaths = (
			);
			name = "Check Pods Manifest.lock";
			outputPaths = (
			);
			runOnlyForDeploymentPostprocessing = 0;
			shellPath = /bin/sh;
			shellScript = "diff \"${PODS_ROOT}/../Podfile.lock\" \"${PODS_ROOT}/Manifest.lock\" > /dev/null\nif [[ $? != 0 ]] ; then\n    cat << EOM\nerror: The sandbox is not in sync with the Podfile.lock. Run 'pod install' or update your CocoaPods installation.\nEOM\n    exit 1\nfi\n";
			showEnvVarsInLog = 0;
		};
		FCC0DBB50F0B9C3F57A254EC /* Copy Pods Resources */ = {
			isa = PBXShellScriptBuildPhase;
			buildActionMask = 2147483647;
			files = (
			);
			inputPaths = (
			);
			name = "Copy Pods Resources";
			outputPaths = (
			);
			runOnlyForDeploymentPostprocessing = 0;
			shellPath = /bin/sh;
			shellScript = "\"${SRCROOT}/Pods/Target Support Files/Pods/Pods-resources.sh\"\n";
			showEnvVarsInLog = 0;
		};
/* End PBXShellScriptBuildPhase section */

/* Begin PBXSourcesBuildPhase section */
		30C94E0A1A76995F0083BC30 /* Sources */ = {
			isa = PBXSourcesBuildPhase;
			buildActionMask = 2147483647;
			files = (
				30EC16B91A8911F7005763F7 /* User.swift in Sources */,
				30EC16B01A8911F7005763F7 /* UserAnswer.swift in Sources */,
				30EC16C61A89167D005763F7 /* Question+Logic.swift in Sources */,
				30EC16C31A89126A005763F7 /* User+Networking.swift in Sources */,
				30EC16BC1A8911F7005763F7 /* Quiz.swift in Sources */,
				30C94E171A76995F0083BC30 /* TechQuiz.xcdatamodeld in Sources */,
				30E79A3B1A76A2F000A349AB /* UserQuizesViewController.swift in Sources */,
				30EC16B31A8911F7005763F7 /* UserQuiz.swift in Sources */,
				30EC16B61A8911F7005763F7 /* Subject.swift in Sources */,
				30C94E141A76995F0083BC30 /* AppDelegate.swift in Sources */,
				30EC16AD1A8911F7005763F7 /* Question.swift in Sources */,
				30EC16C81A8916DF005763F7 /* Subject+Networking.swift in Sources */,
				CECC43671A77F027006BAA00 /* DashboardButtonTableViewCell.swift in Sources */,
				30E79A391A76A26D00A349AB /* DashboardViewController.swift in Sources */,
				30EC16AA1A890CE6005763F7 /* SubjectsViewController.swift in Sources */,
				30EC16BF1A8911F7005763F7 /* Answer.swift in Sources */,
				30E79A371A76A12900A349AB /* LandingViewController.swift in Sources */,
				CECC43651A77EECB006BAA00 /* DashboardHeaderView.swift in Sources */,
			);
			runOnlyForDeploymentPostprocessing = 0;
		};
		30C94E221A76995F0083BC30 /* Sources */ = {
			isa = PBXSourcesBuildPhase;
			buildActionMask = 2147483647;
			files = (
				30EC16B11A8911F7005763F7 /* UserAnswer.swift in Sources */,
				30EC16B71A8911F7005763F7 /* Subject.swift in Sources */,
				30EC16BD1A8911F7005763F7 /* Quiz.swift in Sources */,
				30EC16BA1A8911F7005763F7 /* User.swift in Sources */,
				30EC16C41A89126A005763F7 /* User+Networking.swift in Sources */,
				30EC16B41A8911F7005763F7 /* UserQuiz.swift in Sources */,
				30C94E2D1A76995F0083BC30 /* TechQuizTests.swift in Sources */,
				30EC16AE1A8911F7005763F7 /* Question.swift in Sources */,
				30EC16C01A8911F7005763F7 /* Answer.swift in Sources */,
			);
			runOnlyForDeploymentPostprocessing = 0;
		};
/* End PBXSourcesBuildPhase section */

/* Begin PBXTargetDependency section */
		30C94E281A76995F0083BC30 /* PBXTargetDependency */ = {
			isa = PBXTargetDependency;
			target = 30C94E0D1A76995F0083BC30 /* TechQuiz */;
			targetProxy = 30C94E271A76995F0083BC30 /* PBXContainerItemProxy */;
		};
/* End PBXTargetDependency section */

/* Begin PBXVariantGroup section */
		30C94E1A1A76995F0083BC30 /* Main.storyboard */ = {
			isa = PBXVariantGroup;
			children = (
				30C94E1B1A76995F0083BC30 /* Base */,
			);
			name = Main.storyboard;
			sourceTree = "<group>";
		};
		30C94E1F1A76995F0083BC30 /* LaunchScreen.xib */ = {
			isa = PBXVariantGroup;
			children = (
				30C94E201A76995F0083BC30 /* Base */,
			);
			name = LaunchScreen.xib;
			sourceTree = "<group>";
		};
/* End PBXVariantGroup section */

/* Begin XCBuildConfiguration section */
		30C94E2E1A76995F0083BC30 /* Debug */ = {
			isa = XCBuildConfiguration;
			buildSettings = {
				ALWAYS_SEARCH_USER_PATHS = NO;
				CLANG_CXX_LANGUAGE_STANDARD = "gnu++0x";
				CLANG_CXX_LIBRARY = "libc++";
				CLANG_ENABLE_MODULES = YES;
				CLANG_ENABLE_OBJC_ARC = YES;
				CLANG_WARN_BOOL_CONVERSION = YES;
				CLANG_WARN_CONSTANT_CONVERSION = YES;
				CLANG_WARN_DIRECT_OBJC_ISA_USAGE = YES_ERROR;
				CLANG_WARN_EMPTY_BODY = YES;
				CLANG_WARN_ENUM_CONVERSION = YES;
				CLANG_WARN_INT_CONVERSION = YES;
				CLANG_WARN_OBJC_ROOT_CLASS = YES_ERROR;
				CLANG_WARN_UNREACHABLE_CODE = YES;
				CLANG_WARN__DUPLICATE_METHOD_MATCH = YES;
				"CODE_SIGN_IDENTITY[sdk=iphoneos*]" = "iPhone Developer";
				COPY_PHASE_STRIP = NO;
				ENABLE_STRICT_OBJC_MSGSEND = YES;
				GCC_C_LANGUAGE_STANDARD = gnu99;
				GCC_DYNAMIC_NO_PIC = NO;
				GCC_OPTIMIZATION_LEVEL = 0;
				GCC_PREPROCESSOR_DEFINITIONS = (
					"DEBUG=1",
					"$(inherited)",
				);
				GCC_SYMBOLS_PRIVATE_EXTERN = NO;
				GCC_WARN_64_TO_32_BIT_CONVERSION = YES;
				GCC_WARN_ABOUT_RETURN_TYPE = YES_ERROR;
				GCC_WARN_UNDECLARED_SELECTOR = YES;
				GCC_WARN_UNINITIALIZED_AUTOS = YES_AGGRESSIVE;
				GCC_WARN_UNUSED_FUNCTION = YES;
				GCC_WARN_UNUSED_VARIABLE = YES;
				IPHONEOS_DEPLOYMENT_TARGET = 8.1;
				MTL_ENABLE_DEBUG_INFO = YES;
				ONLY_ACTIVE_ARCH = YES;
				SDKROOT = iphoneos;
				SWIFT_OPTIMIZATION_LEVEL = "-Onone";
				TARGETED_DEVICE_FAMILY = "1,2";
			};
			name = Debug;
		};
		30C94E2F1A76995F0083BC30 /* Release */ = {
			isa = XCBuildConfiguration;
			buildSettings = {
				ALWAYS_SEARCH_USER_PATHS = NO;
				CLANG_CXX_LANGUAGE_STANDARD = "gnu++0x";
				CLANG_CXX_LIBRARY = "libc++";
				CLANG_ENABLE_MODULES = YES;
				CLANG_ENABLE_OBJC_ARC = YES;
				CLANG_WARN_BOOL_CONVERSION = YES;
				CLANG_WARN_CONSTANT_CONVERSION = YES;
				CLANG_WARN_DIRECT_OBJC_ISA_USAGE = YES_ERROR;
				CLANG_WARN_EMPTY_BODY = YES;
				CLANG_WARN_ENUM_CONVERSION = YES;
				CLANG_WARN_INT_CONVERSION = YES;
				CLANG_WARN_OBJC_ROOT_CLASS = YES_ERROR;
				CLANG_WARN_UNREACHABLE_CODE = YES;
				CLANG_WARN__DUPLICATE_METHOD_MATCH = YES;
				"CODE_SIGN_IDENTITY[sdk=iphoneos*]" = "iPhone Developer";
				COPY_PHASE_STRIP = YES;
				ENABLE_NS_ASSERTIONS = NO;
				ENABLE_STRICT_OBJC_MSGSEND = YES;
				GCC_C_LANGUAGE_STANDARD = gnu99;
				GCC_WARN_64_TO_32_BIT_CONVERSION = YES;
				GCC_WARN_ABOUT_RETURN_TYPE = YES_ERROR;
				GCC_WARN_UNDECLARED_SELECTOR = YES;
				GCC_WARN_UNINITIALIZED_AUTOS = YES_AGGRESSIVE;
				GCC_WARN_UNUSED_FUNCTION = YES;
				GCC_WARN_UNUSED_VARIABLE = YES;
				IPHONEOS_DEPLOYMENT_TARGET = 8.1;
				MTL_ENABLE_DEBUG_INFO = NO;
				SDKROOT = iphoneos;
				TARGETED_DEVICE_FAMILY = "1,2";
				VALIDATE_PRODUCT = YES;
			};
			name = Release;
		};
		30C94E311A76995F0083BC30 /* Debug */ = {
			isa = XCBuildConfiguration;
			baseConfigurationReference = E838B5E73408B728A77585DC /* Pods.debug.xcconfig */;
			buildSettings = {
				ASSETCATALOG_COMPILER_APPICON_NAME = AppIcon;
				INFOPLIST_FILE = TechQuiz/Info.plist;
				LD_RUNPATH_SEARCH_PATHS = "$(inherited) @executable_path/Frameworks";
				PRODUCT_NAME = "$(TARGET_NAME)";
			};
			name = Debug;
		};
		30C94E321A76995F0083BC30 /* Release */ = {
			isa = XCBuildConfiguration;
			baseConfigurationReference = 735260AFB0C3F71EC01E72F2 /* Pods.release.xcconfig */;
			buildSettings = {
				ASSETCATALOG_COMPILER_APPICON_NAME = AppIcon;
				INFOPLIST_FILE = TechQuiz/Info.plist;
				LD_RUNPATH_SEARCH_PATHS = "$(inherited) @executable_path/Frameworks";
				PRODUCT_NAME = "$(TARGET_NAME)";
			};
			name = Release;
		};
		30C94E341A76995F0083BC30 /* Debug */ = {
			isa = XCBuildConfiguration;
			buildSettings = {
				BUNDLE_LOADER = "$(TEST_HOST)";
				FRAMEWORK_SEARCH_PATHS = (
					"$(SDKROOT)/Developer/Library/Frameworks",
					"$(inherited)",
				);
				GCC_PREPROCESSOR_DEFINITIONS = (
					"DEBUG=1",
					"$(inherited)",
				);
				INFOPLIST_FILE = TechQuizTests/Info.plist;
				LD_RUNPATH_SEARCH_PATHS = "$(inherited) @executable_path/Frameworks @loader_path/Frameworks";
				PRODUCT_NAME = "$(TARGET_NAME)";
				TEST_HOST = "$(BUILT_PRODUCTS_DIR)/TechQuiz.app/TechQuiz";
			};
			name = Debug;
		};
		30C94E351A76995F0083BC30 /* Release */ = {
			isa = XCBuildConfiguration;
			buildSettings = {
				BUNDLE_LOADER = "$(TEST_HOST)";
				FRAMEWORK_SEARCH_PATHS = (
					"$(SDKROOT)/Developer/Library/Frameworks",
					"$(inherited)",
				);
				INFOPLIST_FILE = TechQuizTests/Info.plist;
				LD_RUNPATH_SEARCH_PATHS = "$(inherited) @executable_path/Frameworks @loader_path/Frameworks";
				PRODUCT_NAME = "$(TARGET_NAME)";
				TEST_HOST = "$(BUILT_PRODUCTS_DIR)/TechQuiz.app/TechQuiz";
			};
			name = Release;
		};
/* End XCBuildConfiguration section */

/* Begin XCConfigurationList section */
		30C94E091A76995F0083BC30 /* Build configuration list for PBXProject "TechQuiz" */ = {
			isa = XCConfigurationList;
			buildConfigurations = (
				30C94E2E1A76995F0083BC30 /* Debug */,
				30C94E2F1A76995F0083BC30 /* Release */,
			);
			defaultConfigurationIsVisible = 0;
			defaultConfigurationName = Release;
		};
		30C94E301A76995F0083BC30 /* Build configuration list for PBXNativeTarget "TechQuiz" */ = {
			isa = XCConfigurationList;
			buildConfigurations = (
				30C94E311A76995F0083BC30 /* Debug */,
				30C94E321A76995F0083BC30 /* Release */,
			);
			defaultConfigurationIsVisible = 0;
			defaultConfigurationName = Release;
		};
		30C94E331A76995F0083BC30 /* Build configuration list for PBXNativeTarget "TechQuizTests" */ = {
			isa = XCConfigurationList;
			buildConfigurations = (
				30C94E341A76995F0083BC30 /* Debug */,
				30C94E351A76995F0083BC30 /* Release */,
			);
			defaultConfigurationIsVisible = 0;
			defaultConfigurationName = Release;
		};
/* End XCConfigurationList section */

/* Begin XCVersionGroup section */
		30C94E151A76995F0083BC30 /* TechQuiz.xcdatamodeld */ = {
			isa = XCVersionGroup;
			children = (
				30C94E161A76995F0083BC30 /* TechQuiz.xcdatamodel */,
			);
			currentVersion = 30C94E161A76995F0083BC30 /* TechQuiz.xcdatamodel */;
			path = TechQuiz.xcdatamodeld;
			sourceTree = "<group>";
			versionGroupType = wrapper.xcdatamodel;
		};
/* End XCVersionGroup section */
	};
	rootObject = 30C94E061A76995F0083BC30 /* Project object */;
}
